
Microsoft Visual Studio Solution File, Format Version 12.00
# Visual Studio Version 16
VisualStudioVersion = 16.0.29613.14
MinimumVisualStudioVersion = 10.0.40219.1
Project("{8BC9CEB8-8B4A-11D0-8D11-00A0C91BC942}") = "Educational Codeforces Round 83 (Rated for Div. 2)", "Educational Codeforces Round 83 (Rated for Div. 2).vcxproj", "{3ECAE8D8-F513-4C97-8912-D52FBE0C2200}"
EndProject
Global
	GlobalSection(SolutionConfigurationPlatforms) = preSolution
		Debug|x64 = Debug|x64
		Debug|x86 = Debug|x86
		Release|x64 = Release|x64
		Release|x86 = Release|x86
	EndGlobalSection
	GlobalSection(ProjectConfigurationPlatforms) = postSolution
		{3ECAE8D8-F513-4C97-8912-D52FBE0C2200}.Debug|x64.ActiveCfg = Debug|x64
		{3ECAE8D8-F513-4C97-8912-D52FBE0C2200}.Debug|x64.Build.0 = Debug|x64
		{3ECAE8D8-F513-4C97-8912-D52FBE0C2200}.Debug|x86.ActiveCfg = Debug|Win32
		{3ECAE8D8-F513-4C97-8912-D52FBE0C2200}.Debug|x86.Build.0 = Debug|Win32
		{3ECAE8D8-F513-4C97-8912-D52FBE0C2200}.Release|x64.ActiveCfg = Release|x64
		{3ECAE8D8-F513-4C97-8912-D52FBE0C2200}.Release|x64.Build.0 = Release|x64
		{3ECAE8D8-F513-4C97-8912-D52FBE0C2200}.Release|x86.ActiveCfg = Release|Win32
		{3ECAE8D8-F513-4C97-8912-D52FBE0C2200}.Release|x86.Build.0 = Release|Win32
	EndGlobalSection
	GlobalSection(SolutionProperties) = preSolution
		HideSolutionNode = FALSE
	EndGlobalSection
	GlobalSection(ExtensibilityGlobals) = postSolution
		SolutionGuid = {9474DBCC-B968-470D-A308-E953E8505D3C}
	EndGlobalSection
EndGlobal
