
Microsoft Visual Studio Solution File, Format Version 12.00
# Visual Studio Version 16
VisualStudioVersion = 16.0.29613.14
MinimumVisualStudioVersion = 10.0.40219.1
Project("{8BC9CEB8-8B4A-11D0-8D11-00A0C91BC942}") = "Codeforces Round 636 (Div. 3)", "Codeforces Round 636 (Div. 3).vcxproj", "{419C7D6C-5AF1-4A8A-AAB7-25D02CAA3DAF}"
EndProject
Global
	GlobalSection(SolutionConfigurationPlatforms) = preSolution
		Debug|x64 = Debug|x64
		Debug|x86 = Debug|x86
		Release|x64 = Release|x64
		Release|x86 = Release|x86
	EndGlobalSection
	GlobalSection(ProjectConfigurationPlatforms) = postSolution
		{419C7D6C-5AF1-4A8A-AAB7-25D02CAA3DAF}.Debug|x64.ActiveCfg = Debug|x64
		{419C7D6C-5AF1-4A8A-AAB7-25D02CAA3DAF}.Debug|x64.Build.0 = Debug|x64
		{419C7D6C-5AF1-4A8A-AAB7-25D02CAA3DAF}.Debug|x86.ActiveCfg = Debug|Win32
		{419C7D6C-5AF1-4A8A-AAB7-25D02CAA3DAF}.Debug|x86.Build.0 = Debug|Win32
		{419C7D6C-5AF1-4A8A-AAB7-25D02CAA3DAF}.Release|x64.ActiveCfg = Release|x64
		{419C7D6C-5AF1-4A8A-AAB7-25D02CAA3DAF}.Release|x64.Build.0 = Release|x64
		{419C7D6C-5AF1-4A8A-AAB7-25D02CAA3DAF}.Release|x86.ActiveCfg = Release|Win32
		{419C7D6C-5AF1-4A8A-AAB7-25D02CAA3DAF}.Release|x86.Build.0 = Release|Win32
	EndGlobalSection
	GlobalSection(SolutionProperties) = preSolution
		HideSolutionNode = FALSE
	EndGlobalSection
	GlobalSection(ExtensibilityGlobals) = postSolution
		SolutionGuid = {A864ADEF-414E-481F-8E82-A1149389B07C}
	EndGlobalSection
EndGlobal
